// !$*UTF8*$!
{
	archiveVersion = 1;
	classes = {
	};
	objectVersion = 46;
	objects = {

/* Begin PBXBuildFile section */
		AA7FBA621CC6B4F400213FF3 /* main.m in Sources */ = {isa = PBXBuildFile; fileRef = AA7FBA611CC6B4F400213FF3 /* main.m */; };
		AA7FBA651CC6B4F400213FF3 /* AppDelegate.m in Sources */ = {isa = PBXBuildFile; fileRef = AA7FBA641CC6B4F400213FF3 /* AppDelegate.m */; };
		AA7FBA681CC6B4F400213FF3 /* ViewController.m in Sources */ = {isa = PBXBuildFile; fileRef = AA7FBA671CC6B4F400213FF3 /* ViewController.m */; };
		AA7FBA6B1CC6B4F400213FF3 /* Main.storyboard in Resources */ = {isa = PBXBuildFile; fileRef = AA7FBA691CC6B4F400213FF3 /* Main.storyboard */; };
		AA7FBA6D1CC6B4F400213FF3 /* Assets.xcassets in Resources */ = {isa = PBXBuildFile; fileRef = AA7FBA6C1CC6B4F400213FF3 /* Assets.xcassets */; };
		AA7FBA701CC6B4F400213FF3 /* LaunchScreen.storyboard in Resources */ = {isa = PBXBuildFile; fileRef = AA7FBA6E1CC6B4F400213FF3 /* LaunchScreen.storyboard */; };
/* End PBXBuildFile section */

/* Begin PBXFileReference section */
		AA7FBA5D1CC6B4F400213FF3 /* Jackpot.app */ = {isa = PBXFileReference; explicitFileType = wrapper.application; includeInIndex = 0; path = Jackpot.app; sourceTree = BUILT_PRODUCTS_DIR; };
		AA7FBA611CC6B4F400213FF3 /* main.m */ = {isa = PBXFileReference; lastKnownFileType = sourcecode.c.objc; path = main.m; sourceTree = "<group>"; };
		AA7FBA631CC6B4F400213FF3 /* AppDelegate.h */ = {isa = PBXFileReference; lastKnownFileType = sourcecode.c.h; path = AppDelegate.h; sourceTree = "<group>"; };
		AA7FBA641CC6B4F400213FF3 /* AppDelegate.m */ = {isa = PBXFileReference; lastKnownFileType = sourcecode.c.objc; path = AppDelegate.m; sourceTree = "<group>"; };
		AA7FBA661CC6B4F400213FF3 /* ViewController.h */ = {isa = PBXFileReference; lastKnownFileType = sourcecode.c.h; path = ViewController.h; sourceTree = "<group>"; };
		AA7FBA671CC6B4F400213FF3 /* ViewController.m */ = {isa = PBXFileReference; lastKnownFileType = sourcecode.c.objc; path = ViewController.m; sourceTree = "<group>"; };
		AA7FBA6A1CC6B4F400213FF3 /* Base */ = {isa = PBXFileReference; lastKnownFileType = file.storyboard; name = Base; path = Base.lproj/Main.storyboard; sourceTree = "<group>"; };
		AA7FBA6C1CC6B4F400213FF3 /* Assets.xcassets */ = {isa = PBXFileReference; lastKnownFileType = folder.assetcatalog; path = Assets.xcassets; sourceTree = "<group>"; };
		AA7FBA6F1CC6B4F400213FF3 /* Base */ = {isa = PBXFileReference; lastKnownFileType = file.storyboard; name = Base; path = Base.lproj/LaunchScreen.storyboard; sourceTree = "<group>"; };
		AA7FBA711CC6B4F400213FF3 /* Info.plist */ = {isa = PBXFileReference; lastKnownFileType = text.plist.xml; path = Info.plist; sourceTree = "<group>"; };
/* End PBXFileReference section */

/* Begin PBXFrameworksBuildPhase section */
		AA7FBA5A1CC6B4F400213FF3 /* Frameworks */ = {
			isa = PBXFrameworksBuildPhase;
			buildActionMask = 2147483647;
			files = (
			);
			runOnlyForDeploymentPostprocessing = 0;
		};
/* End PBXFrameworksBuildPhase section */

/* Begin PBXGroup section */
		AA7FBA541CC6B4F300213FF3 = {
			isa = PBXGroup;
			children = (
				AA7FBA5F1CC6B4F400213FF3 /* Jackpot */,
				AA7FBA5E1CC6B4F400213FF3 /* Products */,
			);
			sourceTree = "<group>";
		};
		AA7FBA5E1CC6B4F400213FF3 /* Products */ = {
			isa = PBXGroup;
			children = (
				AA7FBA5D1CC6B4F400213FF3 /* Jackpot.app */,
			);
			name = Products;
			sourceTree = "<group>";
		};
		AA7FBA5F1CC6B4F400213FF3 /* Jackpot */ = {
			isa = PBXGroup;
			children = (
				AA7FBA631CC6B4F400213FF3 /* AppDelegate.h */,
				AA7FBA641CC6B4F400213FF3 /* AppDelegate.m */,
				AA7FBA661CC6B4F400213FF3 /* ViewController.h */,
				AA7FBA671CC6B4F400213FF3 /* ViewController.m */,
				AA7FBA691CC6B4F400213FF3 /* Main.storyboard */,
				AA7FBA6C1CC6B4F400213FF3 /* Assets.xcassets */,
				AA7FBA6E1CC6B4F400213FF3 /* LaunchScreen.storyboard */,
				AA7FBA711CC6B4F400213FF3 /* Info.plist */,
				AA7FBA601CC6B4F400213FF3 /* Supporting Files */,
			);
			path = Jackpot;
			sourceTree = "<group>";
		};
		AA7FBA601CC6B4F400213FF3 /* Supporting Files */ = {
			isa = PBXGroup;
			children = (
				AA7FBA611CC6B4F400213FF3 /* main.m */,
			);
			name = "Supporting Files";
			sourceTree = "<group>";
		};
/* End PBXGroup section */

/* Begin PBXNativeTarget section */
		AA7FBA5C1CC6B4F400213FF3 /* Jackpot */ = {
			isa = PBXNativeTarget;
			buildConfigurationList = AA7FBA741CC6B4F400213FF3 /* Build configuration list for PBXNativeTarget "Jackpot" */;
			buildPhases = (
				AA7FBA591CC6B4F400213FF3 /* Sources */,
				AA7FBA5A1CC6B4F400213FF3 /* Frameworks */,
				AA7FBA5B1CC6B4F400213FF3 /* Resources */,
			);
			buildRules = (
			);
			dependencies = (
			);
			name = Jackpot;
			productName = Jackpot;
			productReference = AA7FBA5D1CC6B4F400213FF3 /* Jackpot.app */;
			productType = "com.apple.product-type.application";
		};
/* End PBXNativeTarget section */

/* Begin PBXProject section */
		AA7FBA551CC6B4F400213FF3 /* Project object */ = {
			isa = PBXProject;
			attributes = {
				LastUpgradeCheck = 0720;
				ORGANIZATIONNAME = Training;
				TargetAttributes = {
					AA7FBA5C1CC6B4F400213FF3 = {
						CreatedOnToolsVersion = 7.2;
					};
				};
			};
			buildConfigurationList = AA7FBA581CC6B4F400213FF3 /* Build configuration list for PBXProject "Jackpot" */;
			compatibilityVersion = "Xcode 3.2";
			developmentRegion = English;
			hasScannedForEncodings = 0;
			knownRegions = (
				en,
				Base,
			);
			mainGroup = AA7FBA541CC6B4F300213FF3;
			productRefGroup = AA7FBA5E1CC6B4F400213FF3 /* Products */;
			projectDirPath = "";
			projectRoot = "";
			targets = (
				AA7FBA5C1CC6B4F400213FF3 /* Jackpot */,
			);
		};
/* End PBXProject section */

/* Begin PBXResourcesBuildPhase section */
		AA7FBA5B1CC6B4F400213FF3 /* Resources */ = {
			isa = PBXResourcesBuildPhase;
			buildActionMask = 2147483647;
			files = (
				AA7FBA701CC6B4F400213FF3 /* LaunchScreen.storyboard in Resources */,
				AA7FBA6D1CC6B4F400213FF3 /* Assets.xcassets in Resources */,
				AA7FBA6B1CC6B4F400213FF3 /* Main.storyboard in Resources */,
			);
			runOnlyForDeploymentPostprocessing = 0;
		};
/* End PBXResourcesBuildPhase section */

/* Begin PBXSourcesBuildPhase section */
		AA7FBA591CC6B4F400213FF3 /* Sources */ = {
			isa = PBXSourcesBuildPhase;
			buildActionMask = 2147483647;
			files = (
				AA7FBA681CC6B4F400213FF3 /* ViewController.m in Sources */,
				AA7FBA651CC6B4F400213FF3 /* AppDelegate.m in Sources */,
				AA7FBA621CC6B4F400213FF3 /* main.m in Sources */,
			);
			runOnlyForDeploymentPostprocessing = 0;
		};
/* End PBXSourcesBuildPhase section */

/* Begin PBXVariantGroup section */
		AA7FBA691CC6B4F400213FF3 /* Main.storyboard */ = {
			isa = PBXVariantGroup;
			children = (
				AA7FBA6A1CC6B4F400213FF3 /* Base */,
			);
			name = Main.storyboard;
			sourceTree = "<group>";
		};
		AA7FBA6E1CC6B4F400213FF3 /* LaunchScreen.storyboard */ = {
			isa = PBXVariantGroup;
			children = (
				AA7FBA6F1CC6B4F400213FF3 /* Base */,
			);
			name = LaunchScreen.storyboard;
			sourceTree = "<group>";
		};
/* End PBXVariantGroup section */

/* Begin XCBuildConfiguration section */
		AA7FBA721CC6B4F400213FF3 /* Debug */ = {
			isa = XCBuildConfiguration;
			buildSettings = {
				ALWAYS_SEARCH_USER_PATHS = NO;
				CLANG_CXX_LANGUAGE_STANDARD = "gnu++0x";
				CLANG_CXX_LIBRARY = "libc++";
				CLANG_ENABLE_MODULES = YES;
				CLANG_ENABLE_OBJC_ARC = YES;
				CLANG_WARN_BOOL_CONVERSION = YES;
				CLANG_WARN_CONSTANT_CONVERSION = YES;
				CLANG_WARN_DIRECT_OBJC_ISA_USAGE = YES_ERROR;
				CLANG_WARN_EMPTY_BODY = YES;
				CLANG_WARN_ENUM_CONVERSION = YES;
				CLANG_WARN_INT_CONVERSION = YES;
				CLANG_WARN_OBJC_ROOT_CLASS = YES_ERROR;
				CLANG_WARN_UNREACHABLE_CODE = YES;
				CLANG_WARN__DUPLICATE_METHOD_MATCH = YES;
				"CODE_SIGN_IDENTITY[sdk=iphoneos*]" = "iPhone Developer";
				COPY_PHASE_STRIP = NO;
				DEBUG_INFORMATION_FORMAT = dwarf;
				ENABLE_STRICT_OBJC_MSGSEND = YES;
				ENABLE_TESTABILITY = YES;
				GCC_C_LANGUAGE_STANDARD = gnu99;
				GCC_DYNAMIC_NO_PIC = NO;
				GCC_NO_COMMON_BLOCKS = YES;
				GCC_OPTIMIZATION_LEVEL = 0;
				GCC_PREPROCESSOR_DEFINITIONS = (
					"DEBUG=1",
					"$(inherited)",
				);
				GCC_WARN_64_TO_32_BIT_CONVERSION = YES;
				GCC_WARN_ABOUT_RETURN_TYPE = YES_ERROR;
				GCC_WARN_UNDECLARED_SELECTOR = YES;
				GCC_WARN_UNINITIALIZED_AUTOS = YES_AGGRESSIVE;
				GCC_WARN_UNUSED_FUNCTION = YES;
				GCC_WARN_UNUSED_VARIABLE = YES;
				IPHONEOS_DEPLOYMENT_TARGET = 9.2;
				MTL_ENABLE_DEBUG_INFO = YES;
				ONLY_ACTIVE_ARCH = YES;
				SDKROOT = iphoneos;
			};
			name = Debug;
		};
		AA7FBA731CC6B4F400213FF3 /* Release */ = {
			isa = XCBuildConfiguration;
			buildSettings = {
				ALWAYS_SEARCH_USER_PATHS = NO;
				CLANG_CXX_LANGUAGE_STANDARD = "gnu++0x";
				CLANG_CXX_LIBRARY = "libc++";
				CLANG_ENABLE_MODULES = YES;
				CLANG_ENABLE_OBJC_ARC = YES;
				CLANG_WARN_BOOL_CONVERSION = YES;
				CLANG_WARN_CONSTANT_CONVERSION = YES;
				CLANG_WARN_DIRECT_OBJC_ISA_USAGE = YES_ERROR;
				CLANG_WARN_EMPTY_BODY = YES;
				CLANG_WARN_ENUM_CONVERSION = YES;
				CLANG_WARN_INT_CONVERSION = YES;
				CLANG_WARN_OBJC_ROOT_CLASS = YES_ERROR;
				CLANG_WARN_UNREACHABLE_CODE = YES;
				CLANG_WARN__DUPLICATE_METHOD_MATCH = YES;
				"CODE_SIGN_IDENTITY[sdk=iphoneos*]" = "iPhone Developer";
				COPY_PHASE_STRIP = NO;
				DEBUG_INFORMATION_FORMAT = "dwarf-with-dsym";
				ENABLE_NS_ASSERTIONS = NO;
				ENABLE_STRICT_OBJC_MSGSEND = YES;
				GCC_C_LANGUAGE_STANDARD = gnu99;
				GCC_NO_COMMON_BLOCKS = YES;
				GCC_WARN_64_TO_32_BIT_CONVERSION = YES;
				GCC_WARN_ABOUT_RETURN_TYPE = YES_ERROR;
				GCC_WARN_UNDECLARED_SELECTOR = YES;
				GCC_WARN_UNINITIALIZED_AUTOS = YES_AGGRESSIVE;
				GCC_WARN_UNUSED_FUNCTION = YES;
				GCC_WARN_UNUSED_VARIABLE = YES;
				IPHONEOS_DEPLOYMENT_TARGET = 9.2;
				MTL_ENABLE_DEBUG_INFO = NO;
				SDKROOT = iphoneos;
				VALIDATE_PRODUCT = YES;
			};
			name = Release;
		};
		AA7FBA751CC6B4F400213FF3 /* Debug */ = {
			isa = XCBuildConfiguration;
			buildSettings = {
				ASSETCATALOG_COMPILER_APPICON_NAME = AppIcon;
				INFOPLIST_FILE = Jackpot/Info.plist;
				LD_RUNPATH_SEARCH_PATHS = "$(inherited) @executable_path/Frameworks";
				PRODUCT_BUNDLE_IDENTIFIER = com.training.Jackpot;
				PRODUCT_NAME = "$(TARGET_NAME)";
			};
			name = Debug;
		};
		AA7FBA761CC6B4F400213FF3 /* Release */ = {
			isa = XCBuildConfiguration;
			buildSettings = {
				ASSETCATALOG_COMPILER_APPICON_NAME = AppIcon;
				INFOPLIST_FILE = Jackpot/Info.plist;
				LD_RUNPATH_SEARCH_PATHS = "$(inherited) @executable_path/Frameworks";
				PRODUCT_BUNDLE_IDENTIFIER = com.training.Jackpot;
				PRODUCT_NAME = "$(TARGET_NAME)";
			};
			name = Release;
		};
/* End XCBuildConfiguration section */

/* Begin XCConfigurationList section */
		AA7FBA581CC6B4F400213FF3 /* Build configuration list for PBXProject "Jackpot" */ = {
			isa = XCConfigurationList;
			buildConfigurations = (
				AA7FBA721CC6B4F400213FF3 /* Debug */,
				AA7FBA731CC6B4F400213FF3 /* Release */,
			);
			defaultConfigurationIsVisible = 0;
			defaultConfigurationName = Release;
		};
		AA7FBA741CC6B4F400213FF3 /* Build configuration list for PBXNativeTarget "Jackpot" */ = {
			isa = XCConfigurationList;
			buildConfigurations = (
				AA7FBA751CC6B4F400213FF3 /* Debug */,
				AA7FBA761CC6B4F400213FF3 /* Release */,
			);
			defaultConfigurationIsVisible = 0;
		};
/* End XCConfigurationList section */
	};
	rootObject = AA7FBA551CC6B4F400213FF3 /* Project object */;
}
